
Microsoft Visual Studio Solution File, Format Version 12.00
# Visual Studio Version 16
VisualStudioVersion = 16.0.31205.134
MinimumVisualStudioVersion = 10.0.40219.1
Project("{FAE04EC0-301F-11D3-BF4B-00C04F79EFBC}") = "TestandoList", "TestandoList\TestandoList.csproj", "{9FCF2938-ECA6-4813-A72D-DC90C37BB49C}"
EndProject
Global
	GlobalSection(SolutionConfigurationPlatforms) = preSolution
		Debug|Any CPU = Debug|Any CPU
		Release|Any CPU = Release|Any CPU
	EndGlobalSection
	GlobalSection(ProjectConfigurationPlatforms) = postSolution
		{9FCF2938-ECA6-4813-A72D-DC90C37BB49C}.Debug|Any CPU.ActiveCfg = Debug|Any CPU
		{9FCF2938-ECA6-4813-A72D-DC90C37BB49C}.Debug|Any CPU.Build.0 = Debug|Any CPU
		{9FCF2938-ECA6-4813-A72D-DC90C37BB49C}.Release|Any CPU.ActiveCfg = Release|Any CPU
		{9FCF2938-ECA6-4813-A72D-DC90C37BB49C}.Release|Any CPU.Build.0 = Release|Any CPU
	EndGlobalSection
	GlobalSection(SolutionProperties) = preSolution
		HideSolutionNode = FALSE
	EndGlobalSection
	GlobalSection(ExtensibilityGlobals) = postSolution
		SolutionGuid = {0A8CFC40-0D87-4DA4-8C97-17DFE89D64F4}
	EndGlobalSection
EndGlobal
